// !$*UTF8*$!
{
	archiveVersion = 1;
	classes = {
	};
	objectVersion = 77;
	objects = {

/* Begin PBXContainerItemProxy section */
		355EDE4E2E9DCF3700B666D4 /* PBXContainerItemProxy */ = {
			isa = PBXContainerItemProxy;
			containerPortal = 355EDE2F2E9DCF3700B666D4 /* Project object */;
			proxyType = 1;
			remoteGlobalIDString = 355EDE362E9DCF3700B666D4;
			remoteInfo = Storyboard01;
		};
		355EDE582E9DCF3700B666D4 /* PBXContainerItemProxy */ = {
			isa = PBXContainerItemProxy;
			containerPortal = 355EDE2F2E9DCF3700B666D4 /* Project object */;
			proxyType = 1;
			remoteGlobalIDString = 355EDE362E9DCF3700B666D4;
			remoteInfo = Storyboard01;
		};
/* End PBXContainerItemProxy section */

/* Begin PBXFileReference section */
		355EDE372E9DCF3700B666D4 /* Storyboard01.app */ = {isa = PBXFileReference; explicitFileType = wrapper.application; includeInIndex = 0; path = Storyboard01.app; sourceTree = BUILT_PRODUCTS_DIR; };
		355EDE4D2E9DCF3700B666D4 /* Storyboard01Tests.xctest */ = {isa = PBXFileReference; explicitFileType = wrapper.cfbundle; includeInIndex = 0; path = Storyboard01Tests.xctest; sourceTree = BUILT_PRODUCTS_DIR; };
		355EDE572E9DCF3700B666D4 /* Storyboard01UITests.xctest */ = {isa = PBXFileReference; explicitFileType = wrapper.cfbundle; includeInIndex = 0; path = Storyboard01UITests.xctest; sourceTree = BUILT_PRODUCTS_DIR; };
/* End PBXFileReference section */

/* Begin PBXFileSystemSynchronizedBuildFileExceptionSet section */
		355EDE5F2E9DCF3700B666D4 /* Exceptions for "Storyboard01" folder in "Storyboard01" target */ = {
			isa = PBXFileSystemSynchronizedBuildFileExceptionSet;
			membershipExceptions = (
				Info.plist,
			);
			target = 355EDE362E9DCF3700B666D4 /* Storyboard01 */;
		};
/* End PBXFileSystemSynchronizedBuildFileExceptionSet section */

/* Begin PBXFileSystemSynchronizedRootGroup section */
		355EDE392E9DCF3700B666D4 /* Storyboard01 */ = {
			isa = PBXFileSystemSynchronizedRootGroup;
			exceptions = (
				355EDE5F2E9DCF3700B666D4 /* Exceptions for "Storyboard01" folder in "Storyboard01" target */,
			);
			path = Storyboard01;
			sourceTree = "<group>";
		};
		355EDE502E9DCF3700B666D4 /* Storyboard01Tests */ = {
			isa = PBXFileSystemSynchronizedRootGroup;
			path = Storyboard01Tests;
			sourceTree = "<group>";
		};
		355EDE5A2E9DCF3700B666D4 /* Storyboard01UITests */ = {
			isa = PBXFileSystemSynchronizedRootGroup;
			path = Storyboard01UITests;
			sourceTree = "<group>";
		};
/* End PBXFileSystemSynchronizedRootGroup section */

/* Begin PBXFrameworksBuildPhase section */
		355EDE342E9DCF3700B666D4 /* Frameworks */ = {
			isa = PBXFrameworksBuildPhase;
			buildActionMask = 2147483647;
			files = (
			);
			runOnlyForDeploymentPostprocessing = 0;
		};
		355EDE4A2E9DCF3700B666D4 /* Frameworks */ = {
			isa = PBXFrameworksBuildPhase;
			buildActionMask = 2147483647;
			files = (
			);
			runOnlyForDeploymentPostprocessing = 0;
		};
		355EDE542E9DCF3700B666D4 /* Frameworks */ = {
			isa = PBXFrameworksBuildPhase;
			buildActionMask = 2147483647;
			files = (
			);
			runOnlyForDeploymentPostprocessing = 0;
		};
/* End PBXFrameworksBuildPhase section */

/* Begin PBXGroup section */
		355EDE2E2E9DCF3700B666D4 = {
			isa = PBXGroup;
			children = (
				355EDE392E9DCF3700B666D4 /* Storyboard01 */,
				355EDE502E9DCF3700B666D4 /* Storyboard01Tests */,
				355EDE5A2E9DCF3700B666D4 /* Storyboard01UITests */,
				355EDE382E9DCF3700B666D4 /* Products */,
			);
			sourceTree = "<group>";
		};
		355EDE382E9DCF3700B666D4 /* Products */ = {
			isa = PBXGroup;
			children = (
				355EDE372E9DCF3700B666D4 /* Storyboard01.app */,
				355EDE4D2E9DCF3700B666D4 /* Storyboard01Tests.xctest */,
				355EDE572E9DCF3700B666D4 /* Storyboard01UITests.xctest */,
			);
			name = Products;
			sourceTree = "<group>";
		};
/* End PBXGroup section */

/* Begin PBXNativeTarget section */
		355EDE362E9DCF3700B666D4 /* Storyboard01 */ = {
			isa = PBXNativeTarget;
			buildConfigurationList = 355EDE602E9DCF3700B666D4 /* Build configuration list for PBXNativeTarget "Storyboard01" */;
			buildPhases = (
				355EDE332E9DCF3700B666D4 /* Sources */,
				355EDE342E9DCF3700B666D4 /* Frameworks */,
				355EDE352E9DCF3700B666D4 /* Resources */,
			);
			buildRules = (
			);
			dependencies = (
			);
			fileSystemSynchronizedGroups = (
				355EDE392E9DCF3700B666D4 /* Storyboard01 */,
			);
			name = Storyboard01;
			packageProductDependencies = (
			);
			productName = Storyboard01;
			productReference = 355EDE372E9DCF3700B666D4 /* Storyboard01.app */;
			productType = "com.apple.product-type.application";
		};
		355EDE4C2E9DCF3700B666D4 /* Storyboard01Tests */ = {
			isa = PBXNativeTarget;
			buildConfigurationList = 355EDE652E9DCF3700B666D4 /* Build configuration list for PBXNativeTarget "Storyboard01Tests" */;
			buildPhases = (
				355EDE492E9DCF3700B666D4 /* Sources */,
				355EDE4A2E9DCF3700B666D4 /* Frameworks */,
				355EDE4B2E9DCF3700B666D4 /* Resources */,
			);
			buildRules = (
			);
			dependencies = (
				355EDE4F2E9DCF3700B666D4 /* PBXTargetDependency */,
			);
			fileSystemSynchronizedGroups = (
				355EDE502E9DCF3700B666D4 /* Storyboard01Tests */,
			);
			name = Storyboard01Tests;
			packageProductDependencies = (
			);
			productName = Storyboard01Tests;
			productReference = 355EDE4D2E9DCF3700B666D4 /* Storyboard01Tests.xctest */;
			productType = "com.apple.product-type.bundle.unit-test";
		};
		355EDE562E9DCF3700B666D4 /* Storyboard01UITests */ = {
			isa = PBXNativeTarget;
			buildConfigurationList = 355EDE682E9DCF3700B666D4 /* Build configuration list for PBXNativeTarget "Storyboard01UITests" */;
			buildPhases = (
				355EDE532E9DCF3700B666D4 /* Sources */,
				355EDE542E9DCF3700B666D4 /* Frameworks */,
				355EDE552E9DCF3700B666D4 /* Resources */,
			);
			buildRules = (
			);
			dependencies = (
				355EDE592E9DCF3700B666D4 /* PBXTargetDependency */,
			);
			fileSystemSynchronizedGroups = (
				355EDE5A2E9DCF3700B666D4 /* Storyboard01UITests */,
			);
			name = Storyboard01UITests;
			packageProductDependencies = (
			);
			productName = Storyboard01UITests;
			productReference = 355EDE572E9DCF3700B666D4 /* Storyboard01UITests.xctest */;
			productType = "com.apple.product-type.bundle.ui-testing";
		};
/* End PBXNativeTarget section */

/* Begin PBXProject section */
		355EDE2F2E9DCF3700B666D4 /* Project object */ = {
			isa = PBXProject;
			attributes = {
				BuildIndependentTargetsInParallel = 1;
				LastSwiftUpdateCheck = 1640;
				LastUpgradeCheck = 1640;
				TargetAttributes = {
					355EDE362E9DCF3700B666D4 = {
						CreatedOnToolsVersion = 16.4;
					};
					355EDE4C2E9DCF3700B666D4 = {
						CreatedOnToolsVersion = 16.4;
						TestTargetID = 355EDE362E9DCF3700B666D4;
					};
					355EDE562E9DCF3700B666D4 = {
						CreatedOnToolsVersion = 16.4;
						TestTargetID = 355EDE362E9DCF3700B666D4;
					};
				};
			};
			buildConfigurationList = 355EDE322E9DCF3700B666D4 /* Build configuration list for PBXProject "Storyboard01" */;
			developmentRegion = en;
			hasScannedForEncodings = 0;
			knownRegions = (
				en,
				Base,
			);
			mainGroup = 355EDE2E2E9DCF3700B666D4;
			minimizedProjectReferenceProxies = 1;
			preferredProjectObjectVersion = 77;
			productRefGroup = 355EDE382E9DCF3700B666D4 /* Products */;
			projectDirPath = "";
			projectRoot = "";
			targets = (
				355EDE362E9DCF3700B666D4 /* Storyboard01 */,
				355EDE4C2E9DCF3700B666D4 /* Storyboard01Tests */,
				355EDE562E9DCF3700B666D4 /* Storyboard01UITests */,
			);
		};
/* End PBXProject section */

/* Begin PBXResourcesBuildPhase section */
		355EDE352E9DCF3700B666D4 /* Resources */ = {
			isa = PBXResourcesBuildPhase;
			buildActionMask = 2147483647;
			files = (
			);
			runOnlyForDeploymentPostprocessing = 0;
		};
		355EDE4B2E9DCF3700B666D4 /* Resources */ = {
			isa = PBXResourcesBuildPhase;
			buildActionMask = 2147483647;
			files = (
			);
			runOnlyForDeploymentPostprocessing = 0;
		};
		355EDE552E9DCF3700B666D4 /* Resources */ = {
			isa = PBXResourcesBuildPhase;
			buildActionMask = 2147483647;
			files = (
			);
			runOnlyForDeploymentPostprocessing = 0;
		};
/* End PBXResourcesBuildPhase section */

/* Begin PBXSourcesBuildPhase section */
		355EDE332E9DCF3700B666D4 /* Sources */ = {
			isa = PBXSourcesBuildPhase;
			buildActionMask = 2147483647;
			files = (
			);
			runOnlyForDeploymentPostprocessing = 0;
		};
		355EDE492E9DCF3700B666D4 /* Sources */ = {
			isa = PBXSourcesBuildPhase;
			buildActionMask = 2147483647;
			files = (
			);
			runOnlyForDeploymentPostprocessing = 0;
		};
		355EDE532E9DCF3700B666D4 /* Sources */ = {
			isa = PBXSourcesBuildPhase;
			buildActionMask = 2147483647;
			files = (
			);
			runOnlyForDeploymentPostprocessing = 0;
		};
/* End PBXSourcesBuildPhase section */

/* Begin PBXTargetDependency section */
		355EDE4F2E9DCF3700B666D4 /* PBXTargetDependency */ = {
			isa = PBXTargetDependency;
			target = 355EDE362E9DCF3700B666D4 /* Storyboard01 */;
			targetProxy = 355EDE4E2E9DCF3700B666D4 /* PBXContainerItemProxy */;
		};
		355EDE592E9DCF3700B666D4 /* PBXTargetDependency */ = {
			isa = PBXTargetDependency;
			target = 355EDE362E9DCF3700B666D4 /* Storyboard01 */;
			targetProxy = 355EDE582E9DCF3700B666D4 /* PBXContainerItemProxy */;
		};
/* End PBXTargetDependency section */

/* Begin XCBuildConfiguration section */
		355EDE612E9DCF3700B666D4 /* Debug */ = {
			isa = XCBuildConfiguration;
			buildSettings = {
				ASSETCATALOG_COMPILER_APPICON_NAME = AppIcon;
				ASSETCATALOG_COMPILER_GLOBAL_ACCENT_COLOR_NAME = AccentColor;
				CODE_SIGN_STYLE = Automatic;
				CURRENT_PROJECT_VERSION = 1;
				GENERATE_INFOPLIST_FILE = YES;
				INFOPLIST_FILE = Storyboard01/Info.plist;
				INFOPLIST_KEY_UIApplicationSupportsIndirectInputEvents = YES;
				INFOPLIST_KEY_UILaunchStoryboardName = LaunchScreen;
				INFOPLIST_KEY_UIMainStoryboardFile = Main;
				INFOPLIST_KEY_UISupportedInterfaceOrientations_iPad = "UIInterfaceOrientationPortrait UIInterfaceOrientationPortraitUpsideDown UIInterfaceOrientationLandscapeLeft UIInterfaceOrientationLandscapeRight";
				INFOPLIST_KEY_UISupportedInterfaceOrientations_iPhone = "UIInterfaceOrientationPortrait UIInterfaceOrientationLandscapeLeft UIInterfaceOrientationLandscapeRight";
				LD_RUNPATH_SEARCH_PATHS = (
					"$(inherited)",
					"@executable_path/Frameworks",
				);
				MARKETING_VERSION = 1.0;
				PRODUCT_BUNDLE_IDENTIFIER = Seungpyo1007.Storyboard01;
				PRODUCT_NAME = "$(TARGET_NAME)";
				SWIFT_EMIT_LOC_STRINGS = YES;
				SWIFT_VERSION = 5.0;
				TARGETED_DEVICE_FAMILY = "1,2";
			};
			name = Debug;
		};
		355EDE622E9DCF3700B666D4 /* Release */ = {
			isa = XCBuildConfiguration;
			buildSettings = {
				ASSETCATALOG_COMPILER_APPICON_NAME = AppIcon;
				ASSETCATALOG_COMPILER_GLOBAL_ACCENT_COLOR_NAME = AccentColor;
				CODE_SIGN_STYLE = Automatic;
				CURRENT_PROJECT_VERSION = 1;
				GENERATE_INFOPLIST_FILE = YES;
				INFOPLIST_FILE = Storyboard01/Info.plist;
				INFOPLIST_KEY_UIApplicationSupportsIndirectInputEvents = YES;
				INFOPLIST_KEY_UILaunchStoryboardName = LaunchScreen;
				INFOPLIST_KEY_UIMainStoryboardFile = Main;
				INFOPLIST_KEY_UISupportedInterfaceOrientations_iPad = "UIInterfaceOrientationPortrait UIInterfaceOrientationPortraitUpsideDown UIInterfaceOrientationLandscapeLeft UIInterfaceOrientationLandscapeRight";
				INFOPLIST_KEY_UISupportedInterfaceOrientations_iPhone = "UIInterfaceOrientationPortrait UIInterfaceOrientationLandscapeLeft UIInterfaceOrientationLandscapeRight";
				LD_RUNPATH_SEARCH_PATHS = (
					"$(inherited)",
					"@executable_path/Frameworks",
				);
				MARKETING_VERSION = 1.0;
				PRODUCT_BUNDLE_IDENTIFIER = Seungpyo1007.Storyboard01;
				PRODUCT_NAME = "$(TARGET_NAME)";
				SWIFT_EMIT_LOC_STRINGS = YES;
				SWIFT_VERSION = 5.0;
				TARGETED_DEVICE_FAMILY = "1,2";
			};
			name = Release;
		};
		355EDE632E9DCF3700B666D4 /* Debug */ = {
			isa = XCBuildConfiguration;
			buildSettings = {
				ALWAYS_SEARCH_USER_PATHS = NO;
				ASSETCATALOG_COMPILER_GENERATE_SWIFT_ASSET_SYMBOL_EXTENSIONS = YES;
				CLANG_ANALYZER_NONNULL = YES;
				CLANG_ANALYZER_NUMBER_OBJECT_CONVERSION = YES_AGGRESSIVE;
				CLANG_CXX_LANGUAGE_STANDARD = "gnu++20";
				CLANG_ENABLE_MODULES = YES;
				CLANG_ENABLE_OBJC_ARC = YES;
				CLANG_ENABLE_OBJC_WEAK = YES;
				CLANG_WARN_BLOCK_CAPTURE_AUTORELEASING = YES;
				CLANG_WARN_BOOL_CONVERSION = YES;
				CLANG_WARN_COMMA = YES;
				CLANG_WARN_CONSTANT_CONVERSION = YES;
				CLANG_WARN_DEPRECATED_OBJC_IMPLEMENTATIONS = YES;
				CLANG_WARN_DIRECT_OBJC_ISA_USAGE = YES_ERROR;
				CLANG_WARN_DOCUMENTATION_COMMENTS = YES;
				CLANG_WARN_EMPTY_BODY = YES;
				CLANG_WARN_ENUM_CONVERSION = YES;
				CLANG_WARN_INFINITE_RECURSION = YES;
				CLANG_WARN_INT_CONVERSION = YES;
				CLANG_WARN_NON_LITERAL_NULL_CONVERSION = YES;
				CLANG_WARN_OBJC_IMPLICIT_RETAIN_SELF = YES;
				CLANG_WARN_OBJC_LITERAL_CONVERSION = YES;
				CLANG_WARN_OBJC_ROOT_CLASS = YES_ERROR;
				CLANG_WARN_QUOTED_INCLUDE_IN_FRAMEWORK_HEADER = YES;
				CLANG_WARN_RANGE_LOOP_ANALYSIS = YES;
				CLANG_WARN_STRICT_PROTOTYPES = YES;
				CLANG_WARN_SUSPICIOUS_MOVE = YES;
				CLANG_WARN_UNGUARDED_AVAILABILITY = YES_AGGRESSIVE;
				CLANG_WARN_UNREACHABLE_CODE = YES;
				CLANG_WARN__DUPLICATE_METHOD_MATCH = YES;
				COPY_PHASE_STRIP = NO;
				DEBUG_INFORMATION_FORMAT = dwarf;
				ENABLE_STRICT_OBJC_MSGSEND = YES;
				ENABLE_TESTABILITY = YES;
				ENABLE_USER_SCRIPT_SANDBOXING = YES;
				GCC_C_LANGUAGE_STANDARD = gnu17;
				GCC_DYNAMIC_NO_PIC = NO;
				GCC_NO_COMMON_BLOCKS = YES;
				GCC_OPTIMIZATION_LEVEL = 0;
				GCC_PREPROCESSOR_DEFINITIONS = (
					"DEBUG=1",
					"$(inherited)",
				);
				GCC_WARN_64_TO_32_BIT_CONVERSION = YES;
				GCC_WARN_ABOUT_RETURN_TYPE = YES_ERROR;
				GCC_WARN_UNDECLARED_SELECTOR = YES;
				GCC_WARN_UNINITIALIZED_AUTOS = YES_AGGRESSIVE;
				GCC_WARN_UNUSED_FUNCTION = YES;
				GCC_WARN_UNUSED_VARIABLE = YES;
				IPHONEOS_DEPLOYMENT_TARGET = 18.5;
				LOCALIZATION_PREFERS_STRING_CATALOGS = YES;
				MTL_ENABLE_DEBUG_INFO = INCLUDE_SOURCE;
				MTL_FAST_MATH = YES;
				ONLY_ACTIVE_ARCH = YES;
				SDKROOT = iphoneos;
				SWIFT_ACTIVE_COMPILATION_CONDITIONS = "DEBUG $(inherited)";
				SWIFT_OPTIMIZATION_LEVEL = "-Onone";
			};
			name = Debug;
		};
		355EDE642E9DCF3700B666D4 /* Release */ = {
			isa = XCBuildConfiguration;
			buildSettings = {
				ALWAYS_SEARCH_USER_PATHS = NO;
				ASSETCATALOG_COMPILER_GENERATE_SWIFT_ASSET_SYMBOL_EXTENSIONS = YES;
				CLANG_ANALYZER_NONNULL = YES;
				CLANG_ANALYZER_NUMBER_OBJECT_CONVERSION = YES_AGGRESSIVE;
				CLANG_CXX_LANGUAGE_STANDARD = "gnu++20";
				CLANG_ENABLE_MODULES = YES;
				CLANG_ENABLE_OBJC_ARC = YES;
				CLANG_ENABLE_OBJC_WEAK = YES;
				CLANG_WARN_BLOCK_CAPTURE_AUTORELEASING = YES;
				CLANG_WARN_BOOL_CONVERSION = YES;
				CLANG_WARN_COMMA = YES;
				CLANG_WARN_CONSTANT_CONVERSION = YES;
				CLANG_WARN_DEPRECATED_OBJC_IMPLEMENTATIONS = YES;
				CLANG_WARN_DIRECT_OBJC_ISA_USAGE = YES_ERROR;
				CLANG_WARN_DOCUMENTATION_COMMENTS = YES;
				CLANG_WARN_EMPTY_BODY = YES;
				CLANG_WARN_ENUM_CONVERSION = YES;
				CLANG_WARN_INFINITE_RECURSION = YES;
				CLANG_WARN_INT_CONVERSION = YES;
				CLANG_WARN_NON_LITERAL_NULL_CONVERSION = YES;
				CLANG_WARN_OBJC_IMPLICIT_RETAIN_SELF = YES;
				CLANG_WARN_OBJC_LITERAL_CONVERSION = YES;
				CLANG_WARN_OBJC_ROOT_CLASS = YES_ERROR;
				CLANG_WARN_QUOTED_INCLUDE_IN_FRAMEWORK_HEADER = YES;
				CLANG_WARN_RANGE_LOOP_ANALYSIS = YES;
				CLANG_WARN_STRICT_PROTOTYPES = YES;
				CLANG_WARN_SUSPICIOUS_MOVE = YES;
				CLANG_WARN_UNGUARDED_AVAILABILITY = YES_AGGRESSIVE;
				CLANG_WARN_UNREACHABLE_CODE = YES;
				CLANG_WARN__DUPLICATE_METHOD_MATCH = YES;
				COPY_PHASE_STRIP = NO;
				DEBUG_INFORMATION_FORMAT = "dwarf-with-dsym";
				ENABLE_NS_ASSERTIONS = NO;
				ENABLE_STRICT_OBJC_MSGSEND = YES;
				ENABLE_USER_SCRIPT_SANDBOXING = YES;
				GCC_C_LANGUAGE_STANDARD = gnu17;
				GCC_NO_COMMON_BLOCKS = YES;
				GCC_WARN_64_TO_32_BIT_CONVERSION = YES;
				GCC_WARN_ABOUT_RETURN_TYPE = YES_ERROR;
				GCC_WARN_UNDECLARED_SELECTOR = YES;
				GCC_WARN_UNINITIALIZED_AUTOS = YES_AGGRESSIVE;
				GCC_WARN_UNUSED_FUNCTION = YES;
				GCC_WARN_UNUSED_VARIABLE = YES;
				IPHONEOS_DEPLOYMENT_TARGET = 18.5;
				LOCALIZATION_PREFERS_STRING_CATALOGS = YES;
				MTL_ENABLE_DEBUG_INFO = NO;
				MTL_FAST_MATH = YES;
				SDKROOT = iphoneos;
				SWIFT_COMPILATION_MODE = wholemodule;
				VALIDATE_PRODUCT = YES;
			};
			name = Release;
		};
		355EDE662E9DCF3700B666D4 /* Debug */ = {
			isa = XCBuildConfiguration;
			buildSettings = {
				BUNDLE_LOADER = "$(TEST_HOST)";
				CODE_SIGN_STYLE = Automatic;
				CURRENT_PROJECT_VERSION = 1;
				GENERATE_INFOPLIST_FILE = YES;
				IPHONEOS_DEPLOYMENT_TARGET = 18.5;
				MARKETING_VERSION = 1.0;
				PRODUCT_BUNDLE_IDENTIFIER = Seungpyo1007.Storyboard01Tests;
				PRODUCT_NAME = "$(TARGET_NAME)";
				SWIFT_EMIT_LOC_STRINGS = NO;
				SWIFT_VERSION = 5.0;
				TARGETED_DEVICE_FAMILY = "1,2";
				TEST_HOST = "$(BUILT_PRODUCTS_DIR)/Storyboard01.app/$(BUNDLE_EXECUTABLE_FOLDER_PATH)/Storyboard01";
			};
			name = Debug;
		};
		355EDE672E9DCF3700B666D4 /* Release */ = {
			isa = XCBuildConfiguration;
			buildSettings = {
				BUNDLE_LOADER = "$(TEST_HOST)";
				CODE_SIGN_STYLE = Automatic;
				CURRENT_PROJECT_VERSION = 1;
				GENERATE_INFOPLIST_FILE = YES;
				IPHONEOS_DEPLOYMENT_TARGET = 18.5;
				MARKETING_VERSION = 1.0;
				PRODUCT_BUNDLE_IDENTIFIER = Seungpyo1007.Storyboard01Tests;
				PRODUCT_NAME = "$(TARGET_NAME)";
				SWIFT_EMIT_LOC_STRINGS = NO;
				SWIFT_VERSION = 5.0;
				TARGETED_DEVICE_FAMILY = "1,2";
				TEST_HOST = "$(BUILT_PRODUCTS_DIR)/Storyboard01.app/$(BUNDLE_EXECUTABLE_FOLDER_PATH)/Storyboard01";
			};
			name = Release;
		};
		355EDE692E9DCF3700B666D4 /* Debug */ = {
			isa = XCBuildConfiguration;
			buildSettings = {
				CODE_SIGN_STYLE = Automatic;
				CURRENT_PROJECT_VERSION = 1;
				GENERATE_INFOPLIST_FILE = YES;
				MARKETING_VERSION = 1.0;
				PRODUCT_BUNDLE_IDENTIFIER = Seungpyo1007.Storyboard01UITests;
				PRODUCT_NAME = "$(TARGET_NAME)";
				SWIFT_EMIT_LOC_STRINGS = NO;
				SWIFT_VERSION = 5.0;
				TARGETED_DEVICE_FAMILY = "1,2";
				TEST_TARGET_NAME = Storyboard01;
			};
			name = Debug;
		};
		355EDE6A2E9DCF3700B666D4 /* Release */ = {
			isa = XCBuildConfiguration;
			buildSettings = {
				CODE_SIGN_STYLE = Automatic;
				CURRENT_PROJECT_VERSION = 1;
				GENERATE_INFOPLIST_FILE = YES;
				MARKETING_VERSION = 1.0;
				PRODUCT_BUNDLE_IDENTIFIER = Seungpyo1007.Storyboard01UITests;
				PRODUCT_NAME = "$(TARGET_NAME)";
				SWIFT_EMIT_LOC_STRINGS = NO;
				SWIFT_VERSION = 5.0;
				TARGETED_DEVICE_FAMILY = "1,2";
				TEST_TARGET_NAME = Storyboard01;
			};
			name = Release;
		};
/* End XCBuildConfiguration section */

/* Begin XCConfigurationList section */
		355EDE322E9DCF3700B666D4 /* Build configuration list for PBXProject "Storyboard01" */ = {
			isa = XCConfigurationList;
			buildConfigurations = (
				355EDE632E9DCF3700B666D4 /* Debug */,
				355EDE642E9DCF3700B666D4 /* Release */,
			);
			defaultConfigurationIsVisible = 0;
			defaultConfigurationName = Release;
		};
		355EDE602E9DCF3700B666D4 /* Build configuration list for PBXNativeTarget "Storyboard01" */ = {
			isa = XCConfigurationList;
			buildConfigurations = (
				355EDE612E9DCF3700B666D4 /* Debug */,
				355EDE622E9DCF3700B666D4 /* Release */,
			);
			defaultConfigurationIsVisible = 0;
			defaultConfigurationName = Release;
		};
		355EDE652E9DCF3700B666D4 /* Build configuration list for PBXNativeTarget "Storyboard01Tests" */ = {
			isa = XCConfigurationList;
			buildConfigurations = (
				355EDE662E9DCF3700B666D4 /* Debug */,
				355EDE672E9DCF3700B666D4 /* Release */,
			);
			defaultConfigurationIsVisible = 0;
			defaultConfigurationName = Release;
		};
		355EDE682E9DCF3700B666D4 /* Build configuration list for PBXNativeTarget "Storyboard01UITests" */ = {
			isa = XCConfigurationList;
			buildConfigurations = (
				355EDE692E9DCF3700B666D4 /* Debug */,
				355EDE6A2E9DCF3700B666D4 /* Release */,
			);
			defaultConfigurationIsVisible = 0;
			defaultConfigurationName = Release;
		};
/* End XCConfigurationList section */
	};
	rootObject = 355EDE2F2E9DCF3700B666D4 /* Project object */;
}
